// !$*UTF8*$!
{
	archiveVersion = 1;
	classes = {
	};
	objectVersion = 56;
	objects = {

/* Begin PBXBuildFile section */
		195458972955CDB100B226D4 /* MediaEditingAppViewController.swift in Sources */ = {isa = PBXBuildFile; fileRef = 195458962955CDB100B226D4 /* MediaEditingAppViewController.swift */; };
		1954589F2955CFC100B226D4 /* WorkspaceView.swift in Sources */ = {isa = PBXBuildFile; fileRef = 1954589E2955CFC100B226D4 /* WorkspaceView.swift */; };
		195458A32955DDA100B226D4 /* Utilities.swift in Sources */ = {isa = PBXBuildFile; fileRef = 195458A22955DDA100B226D4 /* Utilities.swift */; };
		19B94D802955AC5600DCFD83 /* AppDelegate.swift in Sources */ = {isa = PBXBuildFile; fileRef = 19B94D7F2955AC5600DCFD83 /* AppDelegate.swift */; };
		19B94D822955AC5600DCFD83 /* SceneDelegate.swift in Sources */ = {isa = PBXBuildFile; fileRef = 19B94D812955AC5600DCFD83 /* SceneDelegate.swift */; };
		19B94D872955AC5600DCFD83 /* Main.storyboard in Resources */ = {isa = PBXBuildFile; fileRef = 19B94D852955AC5600DCFD83 /* Main.storyboard */; };
		19B94D892955AC5800DCFD83 /* Assets.xcassets in Resources */ = {isa = PBXBuildFile; fileRef = 19B94D882955AC5800DCFD83 /* Assets.xcassets */; };
		19B94D8C2955AC5800DCFD83 /* LaunchScreen.storyboard in Resources */ = {isa = PBXBuildFile; fileRef = 19B94D8A2955AC5800DCFD83 /* LaunchScreen.storyboard */; };
/* End PBXBuildFile section */

/* Begin PBXFileReference section */
		195458962955CDB100B226D4 /* MediaEditingAppViewController.swift */ = {isa = PBXFileReference; lastKnownFileType = sourcecode.swift; path = MediaEditingAppViewController.swift; sourceTree = "<group>"; };
		1954589E2955CFC100B226D4 /* WorkspaceView.swift */ = {isa = PBXFileReference; lastKnownFileType = sourcecode.swift; path = WorkspaceView.swift; sourceTree = "<group>"; };
		195458A22955DDA100B226D4 /* Utilities.swift */ = {isa = PBXFileReference; fileEncoding = 4; lastKnownFileType = sourcecode.swift; name = Utilities.swift; path = MediaEditingApp/Utilities.swift; sourceTree = SOURCE_ROOT; };
		19B94D7C2955AC5600DCFD83 /* MediaEditingApp.app */ = {isa = PBXFileReference; explicitFileType = wrapper.application; includeInIndex = 0; path = MediaEditingApp.app; sourceTree = BUILT_PRODUCTS_DIR; };
		19B94D7F2955AC5600DCFD83 /* AppDelegate.swift */ = {isa = PBXFileReference; lastKnownFileType = sourcecode.swift; path = AppDelegate.swift; sourceTree = "<group>"; };
		19B94D812955AC5600DCFD83 /* SceneDelegate.swift */ = {isa = PBXFileReference; lastKnownFileType = sourcecode.swift; path = SceneDelegate.swift; sourceTree = "<group>"; };
		19B94D862955AC5600DCFD83 /* Base */ = {isa = PBXFileReference; lastKnownFileType = file.storyboard; name = Base; path = Base.lproj/Main.storyboard; sourceTree = "<group>"; };
		19B94D882955AC5800DCFD83 /* Assets.xcassets */ = {isa = PBXFileReference; lastKnownFileType = folder.assetcatalog; path = Assets.xcassets; sourceTree = "<group>"; };
		19B94D8B2955AC5800DCFD83 /* Base */ = {isa = PBXFileReference; lastKnownFileType = file.storyboard; name = Base; path = Base.lproj/LaunchScreen.storyboard; sourceTree = "<group>"; };
		19B94D8D2955AC5800DCFD83 /* Info.plist */ = {isa = PBXFileReference; lastKnownFileType = text.plist.xml; path = Info.plist; sourceTree = "<group>"; };
/* End PBXFileReference section */

/* Begin PBXFrameworksBuildPhase section */
		19B94D792955AC5600DCFD83 /* Frameworks */ = {
			isa = PBXFrameworksBuildPhase;
			buildActionMask = 2147483647;
			files = (
			);
			runOnlyForDeploymentPostprocessing = 0;
		};
/* End PBXFrameworksBuildPhase section */

/* Begin PBXGroup section */
		1954589C2955CF7900B226D4 /* Files */ = {
			isa = PBXGroup;
			children = (
				19B94D7F2955AC5600DCFD83 /* AppDelegate.swift */,
				19B94D812955AC5600DCFD83 /* SceneDelegate.swift */,
				19B94D882955AC5800DCFD83 /* Assets.xcassets */,
				19B94D8A2955AC5800DCFD83 /* LaunchScreen.storyboard */,
				195458A22955DDA100B226D4 /* Utilities.swift */,
			);
			path = Files;
			sourceTree = "<group>";
		};
		1954589D2955CF9700B226D4 /* Controllers */ = {
			isa = PBXGroup;
			children = (
				195458962955CDB100B226D4 /* MediaEditingAppViewController.swift */,
			);
			path = Controllers;
			sourceTree = "<group>";
		};
		195458A02955CFCA00B226D4 /* Views */ = {
			isa = PBXGroup;
			children = (
				1954589E2955CFC100B226D4 /* WorkspaceView.swift */,
			);
			path = Views;
			sourceTree = "<group>";
		};
		195458A12955CFE400B226D4 /* Models */ = {
			isa = PBXGroup;
			children = (
			);
			path = Models;
			sourceTree = "<group>";
		};
		19B94D732955AC5600DCFD83 = {
			isa = PBXGroup;
			children = (
				19B94D7E2955AC5600DCFD83 /* MediaEditingApp */,
				19B94D7D2955AC5600DCFD83 /* Products */,
			);
			sourceTree = "<group>";
		};
		19B94D7D2955AC5600DCFD83 /* Products */ = {
			isa = PBXGroup;
			children = (
				19B94D7C2955AC5600DCFD83 /* MediaEditingApp.app */,
			);
			name = Products;
			sourceTree = "<group>";
		};
		19B94D7E2955AC5600DCFD83 /* MediaEditingApp */ = {
			isa = PBXGroup;
			children = (
				195458A12955CFE400B226D4 /* Models */,
				19B94D852955AC5600DCFD83 /* Main.storyboard */,
				195458A02955CFCA00B226D4 /* Views */,
				1954589D2955CF9700B226D4 /* Controllers */,
				19B94D8D2955AC5800DCFD83 /* Info.plist */,
				1954589C2955CF7900B226D4 /* Files */,
			);
			path = MediaEditingApp;
			sourceTree = "<group>";
		};
/* End PBXGroup section */

/* Begin PBXNativeTarget section */
		19B94D7B2955AC5600DCFD83 /* MediaEditingApp */ = {
			isa = PBXNativeTarget;
			buildConfigurationList = 19B94D902955AC5800DCFD83 /* Build configuration list for PBXNativeTarget "MediaEditingApp" */;
			buildPhases = (
				19B94D782955AC5600DCFD83 /* Sources */,
				19B94D792955AC5600DCFD83 /* Frameworks */,
				19B94D7A2955AC5600DCFD83 /* Resources */,
			);
			buildRules = (
			);
			dependencies = (
			);
			name = MediaEditingApp;
			productName = MediaEditingApp;
			productReference = 19B94D7C2955AC5600DCFD83 /* MediaEditingApp.app */;
			productType = "com.apple.product-type.application";
		};
/* End PBXNativeTarget section */

/* Begin PBXProject section */
		19B94D742955AC5600DCFD83 /* Project object */ = {
			isa = PBXProject;
			attributes = {
				BuildIndependentTargetsInParallel = 1;
				LastSwiftUpdateCheck = 1420;
				LastUpgradeCheck = 1420;
				TargetAttributes = {
					19B94D7B2955AC5600DCFD83 = {
						CreatedOnToolsVersion = 14.2;
					};
				};
			};
			buildConfigurationList = 19B94D772955AC5600DCFD83 /* Build configuration list for PBXProject "MediaEditingApp" */;
			compatibilityVersion = "Xcode 14.0";
			developmentRegion = en;
			hasScannedForEncodings = 0;
			knownRegions = (
				en,
				Base,
			);
			mainGroup = 19B94D732955AC5600DCFD83;
			productRefGroup = 19B94D7D2955AC5600DCFD83 /* Products */;
			projectDirPath = "";
			projectRoot = "";
			targets = (
				19B94D7B2955AC5600DCFD83 /* MediaEditingApp */,
			);
		};
/* End PBXProject section */

/* Begin PBXResourcesBuildPhase section */
		19B94D7A2955AC5600DCFD83 /* Resources */ = {
			isa = PBXResourcesBuildPhase;
			buildActionMask = 2147483647;
			files = (
				19B94D8C2955AC5800DCFD83 /* LaunchScreen.storyboard in Resources */,
				19B94D892955AC5800DCFD83 /* Assets.xcassets in Resources */,
				19B94D872955AC5600DCFD83 /* Main.storyboard in Resources */,
			);
			runOnlyForDeploymentPostprocessing = 0;
		};
/* End PBXResourcesBuildPhase section */

/* Begin PBXSourcesBuildPhase section */
		19B94D782955AC5600DCFD83 /* Sources */ = {
			isa = PBXSourcesBuildPhase;
			buildActionMask = 2147483647;
			files = (
				1954589F2955CFC100B226D4 /* WorkspaceView.swift in Sources */,
				19B94D802955AC5600DCFD83 /* AppDelegate.swift in Sources */,
				195458972955CDB100B226D4 /* MediaEditingAppViewController.swift in Sources */,
				195458A32955DDA100B226D4 /* Utilities.swift in Sources */,
				19B94D822955AC5600DCFD83 /* SceneDelegate.swift in Sources */,
			);
			runOnlyForDeploymentPostprocessing = 0;
		};
/* End PBXSourcesBuildPhase section */

/* Begin PBXVariantGroup section */
		19B94D852955AC5600DCFD83 /* Main.storyboard */ = {
			isa = PBXVariantGroup;
			children = (
				19B94D862955AC5600DCFD83 /* Base */,
			);
			name = Main.storyboard;
			sourceTree = "<group>";
		};
		19B94D8A2955AC5800DCFD83 /* LaunchScreen.storyboard */ = {
			isa = PBXVariantGroup;
			children = (
				19B94D8B2955AC5800DCFD83 /* Base */,
			);
			name = LaunchScreen.storyboard;
			sourceTree = "<group>";
		};
/* End PBXVariantGroup section */

/* Begin XCBuildConfiguration section */
		19B94D8E2955AC5800DCFD83 /* Debug */ = {
			isa = XCBuildConfiguration;
			buildSettings = {
				ALWAYS_SEARCH_USER_PATHS = NO;
				CLANG_ANALYZER_NONNULL = YES;
				CLANG_ANALYZER_NUMBER_OBJECT_CONVERSION = YES_AGGRESSIVE;
				CLANG_CXX_LANGUAGE_STANDARD = "gnu++20";
				CLANG_ENABLE_MODULES = YES;
				CLANG_ENABLE_OBJC_ARC = YES;
				CLANG_ENABLE_OBJC_WEAK = YES;
				CLANG_WARN_BLOCK_CAPTURE_AUTORELEASING = YES;
				CLANG_WARN_BOOL_CONVERSION = YES;
				CLANG_WARN_COMMA = YES;
				CLANG_WARN_CONSTANT_CONVERSION = YES;
				CLANG_WARN_DEPRECATED_OBJC_IMPLEMENTATIONS = YES;
				CLANG_WARN_DIRECT_OBJC_ISA_USAGE = YES_ERROR;
				CLANG_WARN_DOCUMENTATION_COMMENTS = YES;
				CLANG_WARN_EMPTY_BODY = YES;
				CLANG_WARN_ENUM_CONVERSION = YES;
				CLANG_WARN_INFINITE_RECURSION = YES;
				CLANG_WARN_INT_CONVERSION = YES;
				CLANG_WARN_NON_LITERAL_NULL_CONVERSION = YES;
				CLANG_WARN_OBJC_IMPLICIT_RETAIN_SELF = YES;
				CLANG_WARN_OBJC_LITERAL_CONVERSION = YES;
				CLANG_WARN_OBJC_ROOT_CLASS = YES_ERROR;
				CLANG_WARN_QUOTED_INCLUDE_IN_FRAMEWORK_HEADER = YES;
				CLANG_WARN_RANGE_LOOP_ANALYSIS = YES;
				CLANG_WARN_STRICT_PROTOTYPES = YES;
				CLANG_WARN_SUSPICIOUS_MOVE = YES;
				CLANG_WARN_UNGUARDED_AVAILABILITY = YES_AGGRESSIVE;
				CLANG_WARN_UNREACHABLE_CODE = YES;
				CLANG_WARN__DUPLICATE_METHOD_MATCH = YES;
				COPY_PHASE_STRIP = NO;
				DEBUG_INFORMATION_FORMAT = dwarf;
				ENABLE_STRICT_OBJC_MSGSEND = YES;
				ENABLE_TESTABILITY = YES;
				GCC_C_LANGUAGE_STANDARD = gnu11;
				GCC_DYNAMIC_NO_PIC = NO;
				GCC_NO_COMMON_BLOCKS = YES;
				GCC_OPTIMIZATION_LEVEL = 0;
				GCC_PREPROCESSOR_DEFINITIONS = (
					"DEBUG=1",
					"$(inherited)",
				);
				GCC_WARN_64_TO_32_BIT_CONVERSION = YES;
				GCC_WARN_ABOUT_RETURN_TYPE = YES_ERROR;
				GCC_WARN_UNDECLARED_SELECTOR = YES;
				GCC_WARN_UNINITIALIZED_AUTOS = YES_AGGRESSIVE;
				GCC_WARN_UNUSED_FUNCTION = YES;
				GCC_WARN_UNUSED_VARIABLE = YES;
				IPHONEOS_DEPLOYMENT_TARGET = 16.2;
				MTL_ENABLE_DEBUG_INFO = INCLUDE_SOURCE;
				MTL_FAST_MATH = YES;
				ONLY_ACTIVE_ARCH = YES;
				SDKROOT = iphoneos;
				SWIFT_ACTIVE_COMPILATION_CONDITIONS = DEBUG;
				SWIFT_OPTIMIZATION_LEVEL = "-Onone";
			};
			name = Debug;
		};
		19B94D8F2955AC5800DCFD83 /* Release */ = {
			isa = XCBuildConfiguration;
			buildSettings = {
				ALWAYS_SEARCH_USER_PATHS = NO;
				CLANG_ANALYZER_NONNULL = YES;
				CLANG_ANALYZER_NUMBER_OBJECT_CONVERSION = YES_AGGRESSIVE;
				CLANG_CXX_LANGUAGE_STANDARD = "gnu++20";
				CLANG_ENABLE_MODULES = YES;
				CLANG_ENABLE_OBJC_ARC = YES;
				CLANG_ENABLE_OBJC_WEAK = YES;
				CLANG_WARN_BLOCK_CAPTURE_AUTORELEASING = YES;
				CLANG_WARN_BOOL_CONVERSION = YES;
				CLANG_WARN_COMMA = YES;
				CLANG_WARN_CONSTANT_CONVERSION = YES;
				CLANG_WARN_DEPRECATED_OBJC_IMPLEMENTATIONS = YES;
				CLANG_WARN_DIRECT_OBJC_ISA_USAGE = YES_ERROR;
				CLANG_WARN_DOCUMENTATION_COMMENTS = YES;
				CLANG_WARN_EMPTY_BODY = YES;
				CLANG_WARN_ENUM_CONVERSION = YES;
				CLANG_WARN_INFINITE_RECURSION = YES;
				CLANG_WARN_INT_CONVERSION = YES;
				CLANG_WARN_NON_LITERAL_NULL_CONVERSION = YES;
				CLANG_WARN_OBJC_IMPLICIT_RETAIN_SELF = YES;
				CLANG_WARN_OBJC_LITERAL_CONVERSION = YES;
				CLANG_WARN_OBJC_ROOT_CLASS = YES_ERROR;
				CLANG_WARN_QUOTED_INCLUDE_IN_FRAMEWORK_HEADER = YES;
				CLANG_WARN_RANGE_LOOP_ANALYSIS = YES;
				CLANG_WARN_STRICT_PROTOTYPES = YES;
				CLANG_WARN_SUSPICIOUS_MOVE = YES;
				CLANG_WARN_UNGUARDED_AVAILABILITY = YES_AGGRESSIVE;
				CLANG_WARN_UNREACHABLE_CODE = YES;
				CLANG_WARN__DUPLICATE_METHOD_MATCH = YES;
				COPY_PHASE_STRIP = NO;
				DEBUG_INFORMATION_FORMAT = "dwarf-with-dsym";
				ENABLE_NS_ASSERTIONS = NO;
				ENABLE_STRICT_OBJC_MSGSEND = YES;
				GCC_C_LANGUAGE_STANDARD = gnu11;
				GCC_NO_COMMON_BLOCKS = YES;
				GCC_WARN_64_TO_32_BIT_CONVERSION = YES;
				GCC_WARN_ABOUT_RETURN_TYPE = YES_ERROR;
				GCC_WARN_UNDECLARED_SELECTOR = YES;
				GCC_WARN_UNINITIALIZED_AUTOS = YES_AGGRESSIVE;
				GCC_WARN_UNUSED_FUNCTION = YES;
				GCC_WARN_UNUSED_VARIABLE = YES;
				IPHONEOS_DEPLOYMENT_TARGET = 16.2;
				MTL_ENABLE_DEBUG_INFO = NO;
				MTL_FAST_MATH = YES;
				SDKROOT = iphoneos;
				SWIFT_COMPILATION_MODE = wholemodule;
				SWIFT_OPTIMIZATION_LEVEL = "-O";
				VALIDATE_PRODUCT = YES;
			};
			name = Release;
		};
		19B94D912955AC5800DCFD83 /* Debug */ = {
			isa = XCBuildConfiguration;
			buildSettings = {
				ASSETCATALOG_COMPILER_APPICON_NAME = AppIcon;
				ASSETCATALOG_COMPILER_GLOBAL_ACCENT_COLOR_NAME = AccentColor;
				CODE_SIGN_STYLE = Automatic;
				CURRENT_PROJECT_VERSION = 1;
				DEVELOPMENT_TEAM = 63YH9QU4W4;
				GENERATE_INFOPLIST_FILE = YES;
				INFOPLIST_FILE = MediaEditingApp/Info.plist;
				INFOPLIST_KEY_UIApplicationSupportsIndirectInputEvents = YES;
				INFOPLIST_KEY_UILaunchStoryboardName = LaunchScreen;
				INFOPLIST_KEY_UIMainStoryboardFile = Main;
				INFOPLIST_KEY_UISupportedInterfaceOrientations_iPad = "UIInterfaceOrientationPortrait UIInterfaceOrientationPortraitUpsideDown UIInterfaceOrientationLandscapeLeft UIInterfaceOrientationLandscapeRight";
				INFOPLIST_KEY_UISupportedInterfaceOrientations_iPhone = "UIInterfaceOrientationPortrait UIInterfaceOrientationLandscapeLeft UIInterfaceOrientationLandscapeRight";
				IPHONEOS_DEPLOYMENT_TARGET = 14.0;
				LD_RUNPATH_SEARCH_PATHS = (
					"$(inherited)",
					"@executable_path/Frameworks",
				);
				MARKETING_VERSION = 1.0;
				PRODUCT_BUNDLE_IDENTIFIER = "istecalovici-gmail.com.MediaEditingApp";
				PRODUCT_NAME = "$(TARGET_NAME)";
				SWIFT_EMIT_LOC_STRINGS = YES;
				SWIFT_VERSION = 5.0;
				TARGETED_DEVICE_FAMILY = "1,2";
			};
			name = Debug;
		};
		19B94D922955AC5800DCFD83 /* Release */ = {
			isa = XCBuildConfiguration;
			buildSettings = {
				ASSETCATALOG_COMPILER_APPICON_NAME = AppIcon;
				ASSETCATALOG_COMPILER_GLOBAL_ACCENT_COLOR_NAME = AccentColor;
				CODE_SIGN_STYLE = Automatic;
				CURRENT_PROJECT_VERSION = 1;
				DEVELOPMENT_TEAM = 63YH9QU4W4;
				GENERATE_INFOPLIST_FILE = YES;
				INFOPLIST_FILE = MediaEditingApp/Info.plist;
				INFOPLIST_KEY_UIApplicationSupportsIndirectInputEvents = YES;
				INFOPLIST_KEY_UILaunchStoryboardName = LaunchScreen;
				INFOPLIST_KEY_UIMainStoryboardFile = Main;
				INFOPLIST_KEY_UISupportedInterfaceOrientations_iPad = "UIInterfaceOrientationPortrait UIInterfaceOrientationPortraitUpsideDown UIInterfaceOrientationLandscapeLeft UIInterfaceOrientationLandscapeRight";
				INFOPLIST_KEY_UISupportedInterfaceOrientations_iPhone = "UIInterfaceOrientationPortrait UIInterfaceOrientationLandscapeLeft UIInterfaceOrientationLandscapeRight";
				IPHONEOS_DEPLOYMENT_TARGET = 14.0;
				LD_RUNPATH_SEARCH_PATHS = (
					"$(inherited)",
					"@executable_path/Frameworks",
				);
				MARKETING_VERSION = 1.0;
				PRODUCT_BUNDLE_IDENTIFIER = "istecalovici-gmail.com.MediaEditingApp";
				PRODUCT_NAME = "$(TARGET_NAME)";
				SWIFT_EMIT_LOC_STRINGS = YES;
				SWIFT_VERSION = 5.0;
				TARGETED_DEVICE_FAMILY = "1,2";
			};
			name = Release;
		};
/* End XCBuildConfiguration section */

/* Begin XCConfigurationList section */
		19B94D772955AC5600DCFD83 /* Build configuration list for PBXProject "MediaEditingApp" */ = {
			isa = XCConfigurationList;
			buildConfigurations = (
				19B94D8E2955AC5800DCFD83 /* Debug */,
				19B94D8F2955AC5800DCFD83 /* Release */,
			);
			defaultConfigurationIsVisible = 0;
			defaultConfigurationName = Release;
		};
		19B94D902955AC5800DCFD83 /* Build configuration list for PBXNativeTarget "MediaEditingApp" */ = {
			isa = XCConfigurationList;
			buildConfigurations = (
				19B94D912955AC5800DCFD83 /* Debug */,
				19B94D922955AC5800DCFD83 /* Release */,
			);
			defaultConfigurationIsVisible = 0;
			defaultConfigurationName = Release;
		};
/* End XCConfigurationList section */
	};
	rootObject = 19B94D742955AC5600DCFD83 /* Project object */;
}
